
Microsoft Visual Studio Solution File, Format Version 12.00
# Visual Studio Version 16
VisualStudioVersion = 16.0.29613.14
MinimumVisualStudioVersion = 10.0.40219.1
Project("{FAE04EC0-301F-11D3-BF4B-00C04F79EFBC}") = "BeautySalonWPF", "BeautySalonWPF.csproj", "{9313DE1B-B2B3-4941-8C2D-F96DBE939D63}"
EndProject
Project("{FAE04EC0-301F-11D3-BF4B-00C04F79EFBC}") = "CheckRegPageLibrary", "..\CheckRegPageClass\CheckRegPageLibrary.csproj", "{B1A93EDA-9627-4619-BC5D-C8A8A625E15A}"
EndProject
Global
	GlobalSection(SolutionConfigurationPlatforms) = preSolution
		Debug|Any CPU = Debug|Any CPU
		Release|Any CPU = Release|Any CPU
	EndGlobalSection
	GlobalSection(ProjectConfigurationPlatforms) = postSolution
		{9313DE1B-B2B3-4941-8C2D-F96DBE939D63}.Debug|Any CPU.ActiveCfg = Debug|Any CPU
		{9313DE1B-B2B3-4941-8C2D-F96DBE939D63}.Debug|Any CPU.Build.0 = Debug|Any CPU
		{9313DE1B-B2B3-4941-8C2D-F96DBE939D63}.Release|Any CPU.ActiveCfg = Release|Any CPU
		{9313DE1B-B2B3-4941-8C2D-F96DBE939D63}.Release|Any CPU.Build.0 = Release|Any CPU
		{B1A93EDA-9627-4619-BC5D-C8A8A625E15A}.Debug|Any CPU.ActiveCfg = Debug|Any CPU
		{B1A93EDA-9627-4619-BC5D-C8A8A625E15A}.Debug|Any CPU.Build.0 = Debug|Any CPU
		{B1A93EDA-9627-4619-BC5D-C8A8A625E15A}.Release|Any CPU.ActiveCfg = Release|Any CPU
		{B1A93EDA-9627-4619-BC5D-C8A8A625E15A}.Release|Any CPU.Build.0 = Release|Any CPU
	EndGlobalSection
	GlobalSection(SolutionProperties) = preSolution
		HideSolutionNode = FALSE
	EndGlobalSection
	GlobalSection(ExtensibilityGlobals) = postSolution
		SolutionGuid = {2AB2241D-1B07-4E28-900D-B8BD219AFD12}
	EndGlobalSection
EndGlobal
